
Microsoft Visual Studio Solution File, Format Version 12.00
# Visual Studio Version 17
VisualStudioVersion = 17.0.31903.59
MinimumVisualStudioVersion = 10.0.40219.1
Project("{2150E333-8FDC-42A3-9474-1A3956D46DE8}") = "src", "src", "{827E0CD3-B72D-47B6-A68D-7590B98EB39B}"
EndProject
Project("{FAE04EC0-301F-11D3-BF4B-00C04F79EFBC}") = "Monopoly.Core", "src\Monopoly.Core\Monopoly.Core.csproj", "{A8875805-0C6E-4B20-AC1C-9A1EEBA85704}"
EndProject
Project("{FAE04EC0-301F-11D3-BF4B-00C04F79EFBC}") = "Monopoly.Net", "src\Monopoly.Net\Monopoly.Net.csproj", "{EAD1B067-0A9C-4800-A9D8-185137E89DA2}"
EndProject
Project("{FAE04EC0-301F-11D3-BF4B-00C04F79EFBC}") = "Monopoly.App", "src\Monopoly.App\Monopoly.App.csproj", "{2DBA43BC-1B5C-46BE-BF5A-55B6CDB6330D}"
EndProject
Project("{2150E333-8FDC-42A3-9474-1A3956D46DE8}") = "tests", "tests", "{0AB3BF05-4346-4AA6-1389-037BE0695223}"
EndProject
Project("{FAE04EC0-301F-11D3-BF4B-00C04F79EFBC}") = "Monopoly.Tests", "tests\Monopoly.Tests\Monopoly.Tests.csproj", "{408A7A24-0847-43FE-871F-377390B2635F}"
EndProject
Project("{FAE04EC0-301F-11D3-BF4B-00C04F79EFBC}") = "Monopoly.Admin", "src\Monopoly.Admin\Monopoly.Admin.csproj", "{94ABC176-E580-42E0-9666-F7FA505A1990}"
EndProject
Project("{FAE04EC0-301F-11D3-BF4B-00C04F79EFBC}") = "Monopoly.Setup", "src\Monopoly.Setup\Monopoly.Setup.csproj", "{30554B7D-FAB0-470F-A235-7FBF9C9011E9}"
EndProject
Global
	GlobalSection(SolutionConfigurationPlatforms) = preSolution
		Debug|Any CPU = Debug|Any CPU
		Debug|x64 = Debug|x64
		Debug|x86 = Debug|x86
		Release|Any CPU = Release|Any CPU
		Release|x64 = Release|x64
		Release|x86 = Release|x86
	EndGlobalSection
	GlobalSection(ProjectConfigurationPlatforms) = postSolution
		{A8875805-0C6E-4B20-AC1C-9A1EEBA85704}.Debug|Any CPU.ActiveCfg = Debug|Any CPU
		{A8875805-0C6E-4B20-AC1C-9A1EEBA85704}.Debug|Any CPU.Build.0 = Debug|Any CPU
		{A8875805-0C6E-4B20-AC1C-9A1EEBA85704}.Debug|x64.ActiveCfg = Debug|Any CPU
		{A8875805-0C6E-4B20-AC1C-9A1EEBA85704}.Debug|x64.Build.0 = Debug|Any CPU
		{A8875805-0C6E-4B20-AC1C-9A1EEBA85704}.Debug|x86.ActiveCfg = Debug|Any CPU
		{A8875805-0C6E-4B20-AC1C-9A1EEBA85704}.Debug|x86.Build.0 = Debug|Any CPU
		{A8875805-0C6E-4B20-AC1C-9A1EEBA85704}.Release|Any CPU.ActiveCfg = Release|Any CPU
		{A8875805-0C6E-4B20-AC1C-9A1EEBA85704}.Release|Any CPU.Build.0 = Release|Any CPU
		{A8875805-0C6E-4B20-AC1C-9A1EEBA85704}.Release|x64.ActiveCfg = Release|Any CPU
		{A8875805-0C6E-4B20-AC1C-9A1EEBA85704}.Release|x64.Build.0 = Release|Any CPU
		{A8875805-0C6E-4B20-AC1C-9A1EEBA85704}.Release|x86.ActiveCfg = Release|Any CPU
		{A8875805-0C6E-4B20-AC1C-9A1EEBA85704}.Release|x86.Build.0 = Release|Any CPU
		{EAD1B067-0A9C-4800-A9D8-185137E89DA2}.Debug|Any CPU.ActiveCfg = Debug|Any CPU
		{EAD1B067-0A9C-4800-A9D8-185137E89DA2}.Debug|Any CPU.Build.0 = Debug|Any CPU
		{EAD1B067-0A9C-4800-A9D8-185137E89DA2}.Debug|x64.ActiveCfg = Debug|Any CPU
		{EAD1B067-0A9C-4800-A9D8-185137E89DA2}.Debug|x64.Build.0 = Debug|Any CPU
		{EAD1B067-0A9C-4800-A9D8-185137E89DA2}.Debug|x86.ActiveCfg = Debug|Any CPU
		{EAD1B067-0A9C-4800-A9D8-185137E89DA2}.Debug|x86.Build.0 = Debug|Any CPU
		{EAD1B067-0A9C-4800-A9D8-185137E89DA2}.Release|Any CPU.ActiveCfg = Release|Any CPU
		{EAD1B067-0A9C-4800-A9D8-185137E89DA2}.Release|Any CPU.Build.0 = Release|Any CPU
		{EAD1B067-0A9C-4800-A9D8-185137E89DA2}.Release|x64.ActiveCfg = Release|Any CPU
		{EAD1B067-0A9C-4800-A9D8-185137E89DA2}.Release|x64.Build.0 = Release|Any CPU
		{EAD1B067-0A9C-4800-A9D8-185137E89DA2}.Release|x86.ActiveCfg = Release|Any CPU
		{EAD1B067-0A9C-4800-A9D8-185137E89DA2}.Release|x86.Build.0 = Release|Any CPU
		{2DBA43BC-1B5C-46BE-BF5A-55B6CDB6330D}.Debug|Any CPU.ActiveCfg = Debug|Any CPU
		{2DBA43BC-1B5C-46BE-BF5A-55B6CDB6330D}.Debug|Any CPU.Build.0 = Debug|Any CPU
		{2DBA43BC-1B5C-46BE-BF5A-55B6CDB6330D}.Debug|x64.ActiveCfg = Debug|Any CPU
		{2DBA43BC-1B5C-46BE-BF5A-55B6CDB6330D}.Debug|x64.Build.0 = Debug|Any CPU
		{2DBA43BC-1B5C-46BE-BF5A-55B6CDB6330D}.Debug|x86.ActiveCfg = Debug|Any CPU
		{2DBA43BC-1B5C-46BE-BF5A-55B6CDB6330D}.Debug|x86.Build.0 = Debug|Any CPU
		{2DBA43BC-1B5C-46BE-BF5A-55B6CDB6330D}.Release|Any CPU.ActiveCfg = Release|Any CPU
		{2DBA43BC-1B5C-46BE-BF5A-55B6CDB6330D}.Release|Any CPU.Build.0 = Release|Any CPU
		{2DBA43BC-1B5C-46BE-BF5A-55B6CDB6330D}.Release|x64.ActiveCfg = Release|Any CPU
		{2DBA43BC-1B5C-46BE-BF5A-55B6CDB6330D}.Release|x64.Build.0 = Release|Any CPU
		{2DBA43BC-1B5C-46BE-BF5A-55B6CDB6330D}.Release|x86.ActiveCfg = Release|Any CPU
		{2DBA43BC-1B5C-46BE-BF5A-55B6CDB6330D}.Release|x86.Build.0 = Release|Any CPU
		{408A7A24-0847-43FE-871F-377390B2635F}.Debug|Any CPU.ActiveCfg = Debug|Any CPU
		{408A7A24-0847-43FE-871F-377390B2635F}.Debug|Any CPU.Build.0 = Debug|Any CPU
		{408A7A24-0847-43FE-871F-377390B2635F}.Debug|x64.ActiveCfg = Debug|Any CPU
		{408A7A24-0847-43FE-871F-377390B2635F}.Debug|x64.Build.0 = Debug|Any CPU
		{408A7A24-0847-43FE-871F-377390B2635F}.Debug|x86.ActiveCfg = Debug|Any CPU
		{408A7A24-0847-43FE-871F-377390B2635F}.Debug|x86.Build.0 = Debug|Any CPU
		{408A7A24-0847-43FE-871F-377390B2635F}.Release|Any CPU.ActiveCfg = Release|Any CPU
		{408A7A24-0847-43FE-871F-377390B2635F}.Release|Any CPU.Build.0 = Release|Any CPU
		{408A7A24-0847-43FE-871F-377390B2635F}.Release|x64.ActiveCfg = Release|Any CPU
		{408A7A24-0847-43FE-871F-377390B2635F}.Release|x64.Build.0 = Release|Any CPU
		{408A7A24-0847-43FE-871F-377390B2635F}.Release|x86.ActiveCfg = Release|Any CPU
		{408A7A24-0847-43FE-871F-377390B2635F}.Release|x86.Build.0 = Release|Any CPU
		{94ABC176-E580-42E0-9666-F7FA505A1990}.Debug|Any CPU.ActiveCfg = Debug|Any CPU
		{94ABC176-E580-42E0-9666-F7FA505A1990}.Debug|Any CPU.Build.0 = Debug|Any CPU
		{94ABC176-E580-42E0-9666-F7FA505A1990}.Debug|x64.ActiveCfg = Debug|Any CPU
		{94ABC176-E580-42E0-9666-F7FA505A1990}.Debug|x64.Build.0 = Debug|Any CPU
		{94ABC176-E580-42E0-9666-F7FA505A1990}.Debug|x86.ActiveCfg = Debug|Any CPU
		{94ABC176-E580-42E0-9666-F7FA505A1990}.Debug|x86.Build.0 = Debug|Any CPU
		{94ABC176-E580-42E0-9666-F7FA505A1990}.Release|Any CPU.ActiveCfg = Release|Any CPU
		{94ABC176-E580-42E0-9666-F7FA505A1990}.Release|Any CPU.Build.0 = Release|Any CPU
		{94ABC176-E580-42E0-9666-F7FA505A1990}.Release|x64.ActiveCfg = Release|Any CPU
		{94ABC176-E580-42E0-9666-F7FA505A1990}.Release|x64.Build.0 = Release|Any CPU
		{94ABC176-E580-42E0-9666-F7FA505A1990}.Release|x86.ActiveCfg = Release|Any CPU
		{94ABC176-E580-42E0-9666-F7FA505A1990}.Release|x86.Build.0 = Release|Any CPU
		{30554B7D-FAB0-470F-A235-7FBF9C9011E9}.Debug|Any CPU.ActiveCfg = Debug|Any CPU
		{30554B7D-FAB0-470F-A235-7FBF9C9011E9}.Debug|Any CPU.Build.0 = Debug|Any CPU
		{30554B7D-FAB0-470F-A235-7FBF9C9011E9}.Debug|x64.ActiveCfg = Debug|Any CPU
		{30554B7D-FAB0-470F-A235-7FBF9C9011E9}.Debug|x64.Build.0 = Debug|Any CPU
		{30554B7D-FAB0-470F-A235-7FBF9C9011E9}.Debug|x86.ActiveCfg = Debug|Any CPU
		{30554B7D-FAB0-470F-A235-7FBF9C9011E9}.Debug|x86.Build.0 = Debug|Any CPU
		{30554B7D-FAB0-470F-A235-7FBF9C9011E9}.Release|Any CPU.ActiveCfg = Release|Any CPU
		{30554B7D-FAB0-470F-A235-7FBF9C9011E9}.Release|Any CPU.Build.0 = Release|Any CPU
		{30554B7D-FAB0-470F-A235-7FBF9C9011E9}.Release|x64.ActiveCfg = Release|Any CPU
		{30554B7D-FAB0-470F-A235-7FBF9C9011E9}.Release|x64.Build.0 = Release|Any CPU
		{30554B7D-FAB0-470F-A235-7FBF9C9011E9}.Release|x86.ActiveCfg = Release|Any CPU
		{30554B7D-FAB0-470F-A235-7FBF9C9011E9}.Release|x86.Build.0 = Release|Any CPU
	EndGlobalSection
	GlobalSection(SolutionProperties) = preSolution
		HideSolutionNode = FALSE
	EndGlobalSection
	GlobalSection(NestedProjects) = preSolution
		{A8875805-0C6E-4B20-AC1C-9A1EEBA85704} = {827E0CD3-B72D-47B6-A68D-7590B98EB39B}
		{EAD1B067-0A9C-4800-A9D8-185137E89DA2} = {827E0CD3-B72D-47B6-A68D-7590B98EB39B}
		{2DBA43BC-1B5C-46BE-BF5A-55B6CDB6330D} = {827E0CD3-B72D-47B6-A68D-7590B98EB39B}
		{408A7A24-0847-43FE-871F-377390B2635F} = {0AB3BF05-4346-4AA6-1389-037BE0695223}
		{94ABC176-E580-42E0-9666-F7FA505A1990} = {827E0CD3-B72D-47B6-A68D-7590B98EB39B}
		{30554B7D-FAB0-470F-A235-7FBF9C9011E9} = {827E0CD3-B72D-47B6-A68D-7590B98EB39B}
	EndGlobalSection
EndGlobal
